// !$*UTF8*$!
{
	archiveVersion = 1;
	classes = {
	};
	objectVersion = 56;
	objects = {

/* Begin PBXBuildFile section */
		C80E9ABD29C5E4C1007FE9FC /* ExtensionViewController.swift in Sources */ = {isa = PBXBuildFile; fileRef = C80E9ABC29C5E4C1007FE9FC /* ExtensionViewController.swift */; };
		C80E9ABF29C5E6E6007FE9FC /* TabBarController.swift in Sources */ = {isa = PBXBuildFile; fileRef = C80E9ABE29C5E6E6007FE9FC /* TabBarController.swift */; };
		C80E9AC129C5E90D007FE9FC /* OtherViewControllers.swift in Sources */ = {isa = PBXBuildFile; fileRef = C80E9AC029C5E90D007FE9FC /* OtherViewControllers.swift */; };
		C81A957629C1F5300090F552 /* ListItem.swift in Sources */ = {isa = PBXBuildFile; fileRef = C81A957529C1F5300090F552 /* ListItem.swift */; };
		C81A957829C1F5540090F552 /* ListSection.swift in Sources */ = {isa = PBXBuildFile; fileRef = C81A957729C1F5540090F552 /* ListSection.swift */; };
		C81A957B29C1F6FC0090F552 /* SnapKit in Frameworks */ = {isa = PBXBuildFile; productRef = C81A957A29C1F6FC0090F552 /* SnapKit */; };
		C81A957D29C2058E0090F552 /* MockData.swift in Sources */ = {isa = PBXBuildFile; fileRef = C81A957C29C2058E0090F552 /* MockData.swift */; };
		C81A958029C21CFF0090F552 /* MyAlbumsViewCell.swift in Sources */ = {isa = PBXBuildFile; fileRef = C81A957F29C21CFF0090F552 /* MyAlbumsViewCell.swift */; };
		C81A958229C21D370090F552 /* PeopleAndPlacesViewCell.swift in Sources */ = {isa = PBXBuildFile; fileRef = C81A958129C21D370090F552 /* PeopleAndPlacesViewCell.swift */; };
		C81A958529C21D580090F552 /* MediaTypesViewCell.swift in Sources */ = {isa = PBXBuildFile; fileRef = C81A958429C21D580090F552 /* MediaTypesViewCell.swift */; };
		C81A958729C21D6F0090F552 /* UtilitiesViewCell.swift in Sources */ = {isa = PBXBuildFile; fileRef = C81A958629C21D6F0090F552 /* UtilitiesViewCell.swift */; };
		C81A958929C237450090F552 /* HeaderSupplementaryView.swift in Sources */ = {isa = PBXBuildFile; fileRef = C81A958829C237450090F552 /* HeaderSupplementaryView.swift */; };
		C8930D9C29C1EE3100AB13C5 /* AppDelegate.swift in Sources */ = {isa = PBXBuildFile; fileRef = C8930D9B29C1EE3100AB13C5 /* AppDelegate.swift */; };
		C8930D9E29C1EE3100AB13C5 /* SceneDelegate.swift in Sources */ = {isa = PBXBuildFile; fileRef = C8930D9D29C1EE3100AB13C5 /* SceneDelegate.swift */; };
		C8930DA029C1EE3100AB13C5 /* Albums.swift in Sources */ = {isa = PBXBuildFile; fileRef = C8930D9F29C1EE3100AB13C5 /* Albums.swift */; };
		C8930DA529C1EE3200AB13C5 /* Assets.xcassets in Resources */ = {isa = PBXBuildFile; fileRef = C8930DA429C1EE3200AB13C5 /* Assets.xcassets */; };
		C8930DA829C1EE3200AB13C5 /* LaunchScreen.storyboard in Resources */ = {isa = PBXBuildFile; fileRef = C8930DA629C1EE3200AB13C5 /* LaunchScreen.storyboard */; };
/* End PBXBuildFile section */

/* Begin PBXFileReference section */
		C80E9ABC29C5E4C1007FE9FC /* ExtensionViewController.swift */ = {isa = PBXFileReference; lastKnownFileType = sourcecode.swift; path = ExtensionViewController.swift; sourceTree = "<group>"; };
		C80E9ABE29C5E6E6007FE9FC /* TabBarController.swift */ = {isa = PBXFileReference; lastKnownFileType = sourcecode.swift; path = TabBarController.swift; sourceTree = "<group>"; };
		C80E9AC029C5E90D007FE9FC /* OtherViewControllers.swift */ = {isa = PBXFileReference; lastKnownFileType = sourcecode.swift; path = OtherViewControllers.swift; sourceTree = "<group>"; };
		C81A957529C1F5300090F552 /* ListItem.swift */ = {isa = PBXFileReference; lastKnownFileType = sourcecode.swift; path = ListItem.swift; sourceTree = "<group>"; };
		C81A957729C1F5540090F552 /* ListSection.swift */ = {isa = PBXFileReference; lastKnownFileType = sourcecode.swift; path = ListSection.swift; sourceTree = "<group>"; };
		C81A957C29C2058E0090F552 /* MockData.swift */ = {isa = PBXFileReference; lastKnownFileType = sourcecode.swift; path = MockData.swift; sourceTree = "<group>"; };
		C81A957F29C21CFF0090F552 /* MyAlbumsViewCell.swift */ = {isa = PBXFileReference; lastKnownFileType = sourcecode.swift; path = MyAlbumsViewCell.swift; sourceTree = "<group>"; };
		C81A958129C21D370090F552 /* PeopleAndPlacesViewCell.swift */ = {isa = PBXFileReference; lastKnownFileType = sourcecode.swift; path = PeopleAndPlacesViewCell.swift; sourceTree = "<group>"; };
		C81A958429C21D580090F552 /* MediaTypesViewCell.swift */ = {isa = PBXFileReference; lastKnownFileType = sourcecode.swift; path = MediaTypesViewCell.swift; sourceTree = "<group>"; };
		C81A958629C21D6F0090F552 /* UtilitiesViewCell.swift */ = {isa = PBXFileReference; lastKnownFileType = sourcecode.swift; path = UtilitiesViewCell.swift; sourceTree = "<group>"; };
		C81A958829C237450090F552 /* HeaderSupplementaryView.swift */ = {isa = PBXFileReference; lastKnownFileType = sourcecode.swift; path = HeaderSupplementaryView.swift; sourceTree = "<group>"; };
		C8930D9829C1EE3100AB13C5 /* HW-14-Kudaibergen_Temirlan.app */ = {isa = PBXFileReference; explicitFileType = wrapper.application; includeInIndex = 0; path = "HW-14-Kudaibergen_Temirlan.app"; sourceTree = BUILT_PRODUCTS_DIR; };
		C8930D9B29C1EE3100AB13C5 /* AppDelegate.swift */ = {isa = PBXFileReference; lastKnownFileType = sourcecode.swift; path = AppDelegate.swift; sourceTree = "<group>"; };
		C8930D9D29C1EE3100AB13C5 /* SceneDelegate.swift */ = {isa = PBXFileReference; lastKnownFileType = sourcecode.swift; path = SceneDelegate.swift; sourceTree = "<group>"; };
		C8930D9F29C1EE3100AB13C5 /* Albums.swift */ = {isa = PBXFileReference; lastKnownFileType = sourcecode.swift; path = Albums.swift; sourceTree = "<group>"; };
		C8930DA429C1EE3200AB13C5 /* Assets.xcassets */ = {isa = PBXFileReference; lastKnownFileType = folder.assetcatalog; path = Assets.xcassets; sourceTree = "<group>"; };
		C8930DA729C1EE3200AB13C5 /* Base */ = {isa = PBXFileReference; lastKnownFileType = file.storyboard; name = Base; path = Base.lproj/LaunchScreen.storyboard; sourceTree = "<group>"; };
		C8930DA929C1EE3200AB13C5 /* Info.plist */ = {isa = PBXFileReference; lastKnownFileType = text.plist.xml; path = Info.plist; sourceTree = "<group>"; };
/* End PBXFileReference section */

/* Begin PBXFrameworksBuildPhase section */
		C8930D9529C1EE3100AB13C5 /* Frameworks */ = {
			isa = PBXFrameworksBuildPhase;
			buildActionMask = 2147483647;
			files = (
				C81A957B29C1F6FC0090F552 /* SnapKit in Frameworks */,
			);
			runOnlyForDeploymentPostprocessing = 0;
		};
/* End PBXFrameworksBuildPhase section */

/* Begin PBXGroup section */
		C80E9ABB29C5E479007FE9FC /* UIKit+Extension */ = {
			isa = PBXGroup;
			children = (
				C8930D9F29C1EE3100AB13C5 /* Albums.swift */,
				C80E9ABC29C5E4C1007FE9FC /* ExtensionViewController.swift */,
				C80E9AC029C5E90D007FE9FC /* OtherViewControllers.swift */,
				C81A957529C1F5300090F552 /* ListItem.swift */,
				C81A957C29C2058E0090F552 /* MockData.swift */,
				C81A957729C1F5540090F552 /* ListSection.swift */,
				C80E9ABE29C5E6E6007FE9FC /* TabBarController.swift */,
			);
			path = "UIKit+Extension";
			sourceTree = "<group>";
		};
		C81A957029C1F46A0090F552 /* App */ = {
			isa = PBXGroup;
			children = (
				C8930D9B29C1EE3100AB13C5 /* AppDelegate.swift */,
				C8930D9D29C1EE3100AB13C5 /* SceneDelegate.swift */,
			);
			path = App;
			sourceTree = "<group>";
		};
		C81A957129C1F47D0090F552 /* Resource */ = {
			isa = PBXGroup;
			children = (
				C8930DA429C1EE3200AB13C5 /* Assets.xcassets */,
				C81A957329C1F4A10090F552 /* Configuration */,
			);
			path = Resource;
			sourceTree = "<group>";
		};
		C81A957229C1F48F0090F552 /* Source */ = {
			isa = PBXGroup;
			children = (
				C81A957429C1F4D50090F552 /* Storyboard */,
				C81A957029C1F46A0090F552 /* App */,
			);
			path = Source;
			sourceTree = "<group>";
		};
		C81A957329C1F4A10090F552 /* Configuration */ = {
			isa = PBXGroup;
			children = (
				C8930DA929C1EE3200AB13C5 /* Info.plist */,
			);
			path = Configuration;
			sourceTree = "<group>";
		};
		C81A957429C1F4D50090F552 /* Storyboard */ = {
			isa = PBXGroup;
			children = (
				C8930DA629C1EE3200AB13C5 /* LaunchScreen.storyboard */,
			);
			path = Storyboard;
			sourceTree = "<group>";
		};
		C81A957E29C21CCE0090F552 /* Cell */ = {
			isa = PBXGroup;
			children = (
				C81A957F29C21CFF0090F552 /* MyAlbumsViewCell.swift */,
				C81A958129C21D370090F552 /* PeopleAndPlacesViewCell.swift */,
				C81A958429C21D580090F552 /* MediaTypesViewCell.swift */,
				C81A958629C21D6F0090F552 /* UtilitiesViewCell.swift */,
				C81A958829C237450090F552 /* HeaderSupplementaryView.swift */,
			);
			path = Cell;
			sourceTree = "<group>";
		};
		C8930D8F29C1EE3100AB13C5 = {
			isa = PBXGroup;
			children = (
				C8930D9A29C1EE3100AB13C5 /* HW-14-Kudaibergen_Temirlan */,
				C8930D9929C1EE3100AB13C5 /* Products */,
			);
			sourceTree = "<group>";
		};
		C8930D9929C1EE3100AB13C5 /* Products */ = {
			isa = PBXGroup;
			children = (
				C8930D9829C1EE3100AB13C5 /* HW-14-Kudaibergen_Temirlan.app */,
			);
			name = Products;
			sourceTree = "<group>";
		};
		C8930D9A29C1EE3100AB13C5 /* HW-14-Kudaibergen_Temirlan */ = {
			isa = PBXGroup;
			children = (
				C80E9ABB29C5E479007FE9FC /* UIKit+Extension */,
				C81A957E29C21CCE0090F552 /* Cell */,
				C81A957229C1F48F0090F552 /* Source */,
				C81A957129C1F47D0090F552 /* Resource */,
			);
			path = "HW-14-Kudaibergen_Temirlan";
			sourceTree = "<group>";
		};
/* End PBXGroup section */

/* Begin PBXNativeTarget section */
		C8930D9729C1EE3100AB13C5 /* HW-14-Kudaibergen_Temirlan */ = {
			isa = PBXNativeTarget;
			buildConfigurationList = C8930DAC29C1EE3200AB13C5 /* Build configuration list for PBXNativeTarget "HW-14-Kudaibergen_Temirlan" */;
			buildPhases = (
				C8930D9429C1EE3100AB13C5 /* Sources */,
				C8930D9529C1EE3100AB13C5 /* Frameworks */,
				C8930D9629C1EE3100AB13C5 /* Resources */,
			);
			buildRules = (
			);
			dependencies = (
			);
			name = "HW-14-Kudaibergen_Temirlan";
			packageProductDependencies = (
				C81A957A29C1F6FC0090F552 /* SnapKit */,
			);
			productName = "HW-14-Kudaibergen_Temirlan";
			productReference = C8930D9829C1EE3100AB13C5 /* HW-14-Kudaibergen_Temirlan.app */;
			productType = "com.apple.product-type.application";
		};
/* End PBXNativeTarget section */

/* Begin PBXProject section */
		C8930D9029C1EE3100AB13C5 /* Project object */ = {
			isa = PBXProject;
			attributes = {
				BuildIndependentTargetsInParallel = 1;
				LastSwiftUpdateCheck = 1420;
				LastUpgradeCheck = 1420;
				TargetAttributes = {
					C8930D9729C1EE3100AB13C5 = {
						CreatedOnToolsVersion = 14.2;
					};
				};
			};
			buildConfigurationList = C8930D9329C1EE3100AB13C5 /* Build configuration list for PBXProject "HW-14-Kudaibergen_Temirlan" */;
			compatibilityVersion = "Xcode 14.0";
			developmentRegion = en;
			hasScannedForEncodings = 0;
			knownRegions = (
				en,
				Base,
			);
			mainGroup = C8930D8F29C1EE3100AB13C5;
			packageReferences = (
				C81A957929C1F6FC0090F552 /* XCRemoteSwiftPackageReference "SnapKit" */,
			);
			productRefGroup = C8930D9929C1EE3100AB13C5 /* Products */;
			projectDirPath = "";
			projectRoot = "";
			targets = (
				C8930D9729C1EE3100AB13C5 /* HW-14-Kudaibergen_Temirlan */,
			);
		};
/* End PBXProject section */

/* Begin PBXResourcesBuildPhase section */
		C8930D9629C1EE3100AB13C5 /* Resources */ = {
			isa = PBXResourcesBuildPhase;
			buildActionMask = 2147483647;
			files = (
				C8930DA829C1EE3200AB13C5 /* LaunchScreen.storyboard in Resources */,
				C8930DA529C1EE3200AB13C5 /* Assets.xcassets in Resources */,
			);
			runOnlyForDeploymentPostprocessing = 0;
		};
/* End PBXResourcesBuildPhase section */

/* Begin PBXSourcesBuildPhase section */
		C8930D9429C1EE3100AB13C5 /* Sources */ = {
			isa = PBXSourcesBuildPhase;
			buildActionMask = 2147483647;
			files = (
				C81A957629C1F5300090F552 /* ListItem.swift in Sources */,
				C80E9ABF29C5E6E6007FE9FC /* TabBarController.swift in Sources */,
				C81A958029C21CFF0090F552 /* MyAlbumsViewCell.swift in Sources */,
				C81A957D29C2058E0090F552 /* MockData.swift in Sources */,
				C80E9ABD29C5E4C1007FE9FC /* ExtensionViewController.swift in Sources */,
				C81A958229C21D370090F552 /* PeopleAndPlacesViewCell.swift in Sources */,
				C8930DA029C1EE3100AB13C5 /* Albums.swift in Sources */,
				C8930D9C29C1EE3100AB13C5 /* AppDelegate.swift in Sources */,
				C8930D9E29C1EE3100AB13C5 /* SceneDelegate.swift in Sources */,
				C81A958929C237450090F552 /* HeaderSupplementaryView.swift in Sources */,
				C81A957829C1F5540090F552 /* ListSection.swift in Sources */,
				C81A958529C21D580090F552 /* MediaTypesViewCell.swift in Sources */,
				C81A958729C21D6F0090F552 /* UtilitiesViewCell.swift in Sources */,
				C80E9AC129C5E90D007FE9FC /* OtherViewControllers.swift in Sources */,
			);
			runOnlyForDeploymentPostprocessing = 0;
		};
/* End PBXSourcesBuildPhase section */

/* Begin PBXVariantGroup section */
		C8930DA629C1EE3200AB13C5 /* LaunchScreen.storyboard */ = {
			isa = PBXVariantGroup;
			children = (
				C8930DA729C1EE3200AB13C5 /* Base */,
			);
			name = LaunchScreen.storyboard;
			sourceTree = "<group>";
		};
/* End PBXVariantGroup section */

/* Begin XCBuildConfiguration section */
		C8930DAA29C1EE3200AB13C5 /* Debug */ = {
			isa = XCBuildConfiguration;
			buildSettings = {
				ALWAYS_SEARCH_USER_PATHS = NO;
				CLANG_ANALYZER_NONNULL = YES;
				CLANG_ANALYZER_NUMBER_OBJECT_CONVERSION = YES_AGGRESSIVE;
				CLANG_CXX_LANGUAGE_STANDARD = "gnu++20";
				CLANG_ENABLE_MODULES = YES;
				CLANG_ENABLE_OBJC_ARC = YES;
				CLANG_ENABLE_OBJC_WEAK = YES;
				CLANG_WARN_BLOCK_CAPTURE_AUTORELEASING = YES;
				CLANG_WARN_BOOL_CONVERSION = YES;
				CLANG_WARN_COMMA = YES;
				CLANG_WARN_CONSTANT_CONVERSION = YES;
				CLANG_WARN_DEPRECATED_OBJC_IMPLEMENTATIONS = YES;
				CLANG_WARN_DIRECT_OBJC_ISA_USAGE = YES_ERROR;
				CLANG_WARN_DOCUMENTATION_COMMENTS = YES;
				CLANG_WARN_EMPTY_BODY = YES;
				CLANG_WARN_ENUM_CONVERSION = YES;
				CLANG_WARN_INFINITE_RECURSION = YES;
				CLANG_WARN_INT_CONVERSION = YES;
				CLANG_WARN_NON_LITERAL_NULL_CONVERSION = YES;
				CLANG_WARN_OBJC_IMPLICIT_RETAIN_SELF = YES;
				CLANG_WARN_OBJC_LITERAL_CONVERSION = YES;
				CLANG_WARN_OBJC_ROOT_CLASS = YES_ERROR;
				CLANG_WARN_QUOTED_INCLUDE_IN_FRAMEWORK_HEADER = YES;
				CLANG_WARN_RANGE_LOOP_ANALYSIS = YES;
				CLANG_WARN_STRICT_PROTOTYPES = YES;
				CLANG_WARN_SUSPICIOUS_MOVE = YES;
				CLANG_WARN_UNGUARDED_AVAILABILITY = YES_AGGRESSIVE;
				CLANG_WARN_UNREACHABLE_CODE = YES;
				CLANG_WARN__DUPLICATE_METHOD_MATCH = YES;
				COPY_PHASE_STRIP = NO;
				DEBUG_INFORMATION_FORMAT = dwarf;
				ENABLE_STRICT_OBJC_MSGSEND = YES;
				ENABLE_TESTABILITY = YES;
				GCC_C_LANGUAGE_STANDARD = gnu11;
				GCC_DYNAMIC_NO_PIC = NO;
				GCC_NO_COMMON_BLOCKS = YES;
				GCC_OPTIMIZATION_LEVEL = 0;
				GCC_PREPROCESSOR_DEFINITIONS = (
					"DEBUG=1",
					"$(inherited)",
				);
				GCC_WARN_64_TO_32_BIT_CONVERSION = YES;
				GCC_WARN_ABOUT_RETURN_TYPE = YES_ERROR;
				GCC_WARN_UNDECLARED_SELECTOR = YES;
				GCC_WARN_UNINITIALIZED_AUTOS = YES_AGGRESSIVE;
				GCC_WARN_UNUSED_FUNCTION = YES;
				GCC_WARN_UNUSED_VARIABLE = YES;
				IPHONEOS_DEPLOYMENT_TARGET = 16.2;
				MTL_ENABLE_DEBUG_INFO = INCLUDE_SOURCE;
				MTL_FAST_MATH = YES;
				ONLY_ACTIVE_ARCH = YES;
				SDKROOT = iphoneos;
				SWIFT_ACTIVE_COMPILATION_CONDITIONS = DEBUG;
				SWIFT_OPTIMIZATION_LEVEL = "-Onone";
			};
			name = Debug;
		};
		C8930DAB29C1EE3200AB13C5 /* Release */ = {
			isa = XCBuildConfiguration;
			buildSettings = {
				ALWAYS_SEARCH_USER_PATHS = NO;
				CLANG_ANALYZER_NONNULL = YES;
				CLANG_ANALYZER_NUMBER_OBJECT_CONVERSION = YES_AGGRESSIVE;
				CLANG_CXX_LANGUAGE_STANDARD = "gnu++20";
				CLANG_ENABLE_MODULES = YES;
				CLANG_ENABLE_OBJC_ARC = YES;
				CLANG_ENABLE_OBJC_WEAK = YES;
				CLANG_WARN_BLOCK_CAPTURE_AUTORELEASING = YES;
				CLANG_WARN_BOOL_CONVERSION = YES;
				CLANG_WARN_COMMA = YES;
				CLANG_WARN_CONSTANT_CONVERSION = YES;
				CLANG_WARN_DEPRECATED_OBJC_IMPLEMENTATIONS = YES;
				CLANG_WARN_DIRECT_OBJC_ISA_USAGE = YES_ERROR;
				CLANG_WARN_DOCUMENTATION_COMMENTS = YES;
				CLANG_WARN_EMPTY_BODY = YES;
				CLANG_WARN_ENUM_CONVERSION = YES;
				CLANG_WARN_INFINITE_RECURSION = YES;
				CLANG_WARN_INT_CONVERSION = YES;
				CLANG_WARN_NON_LITERAL_NULL_CONVERSION = YES;
				CLANG_WARN_OBJC_IMPLICIT_RETAIN_SELF = YES;
				CLANG_WARN_OBJC_LITERAL_CONVERSION = YES;
				CLANG_WARN_OBJC_ROOT_CLASS = YES_ERROR;
				CLANG_WARN_QUOTED_INCLUDE_IN_FRAMEWORK_HEADER = YES;
				CLANG_WARN_RANGE_LOOP_ANALYSIS = YES;
				CLANG_WARN_STRICT_PROTOTYPES = YES;
				CLANG_WARN_SUSPICIOUS_MOVE = YES;
				CLANG_WARN_UNGUARDED_AVAILABILITY = YES_AGGRESSIVE;
				CLANG_WARN_UNREACHABLE_CODE = YES;
				CLANG_WARN__DUPLICATE_METHOD_MATCH = YES;
				COPY_PHASE_STRIP = NO;
				DEBUG_INFORMATION_FORMAT = "dwarf-with-dsym";
				ENABLE_NS_ASSERTIONS = NO;
				ENABLE_STRICT_OBJC_MSGSEND = YES;
				GCC_C_LANGUAGE_STANDARD = gnu11;
				GCC_NO_COMMON_BLOCKS = YES;
				GCC_WARN_64_TO_32_BIT_CONVERSION = YES;
				GCC_WARN_ABOUT_RETURN_TYPE = YES_ERROR;
				GCC_WARN_UNDECLARED_SELECTOR = YES;
				GCC_WARN_UNINITIALIZED_AUTOS = YES_AGGRESSIVE;
				GCC_WARN_UNUSED_FUNCTION = YES;
				GCC_WARN_UNUSED_VARIABLE = YES;
				IPHONEOS_DEPLOYMENT_TARGET = 16.2;
				MTL_ENABLE_DEBUG_INFO = NO;
				MTL_FAST_MATH = YES;
				SDKROOT = iphoneos;
				SWIFT_COMPILATION_MODE = wholemodule;
				SWIFT_OPTIMIZATION_LEVEL = "-O";
				VALIDATE_PRODUCT = YES;
			};
			name = Release;
		};
		C8930DAD29C1EE3200AB13C5 /* Debug */ = {
			isa = XCBuildConfiguration;
			buildSettings = {
				ASSETCATALOG_COMPILER_APPICON_NAME = AppIcon;
				ASSETCATALOG_COMPILER_GLOBAL_ACCENT_COLOR_NAME = AccentColor;
				CODE_SIGN_STYLE = Automatic;
				CURRENT_PROJECT_VERSION = 1;
				DEVELOPMENT_TEAM = C2VWB77N8G;
				GENERATE_INFOPLIST_FILE = YES;
				INFOPLIST_FILE = "HW-14-Kudaibergen_Temirlan/Resource/Configuration/Info.plist";
				INFOPLIST_KEY_UIApplicationSupportsIndirectInputEvents = YES;
				INFOPLIST_KEY_UILaunchStoryboardName = LaunchScreen;
				INFOPLIST_KEY_UIMainStoryboardFile = "";
				INFOPLIST_KEY_UISupportedInterfaceOrientations_iPad = "UIInterfaceOrientationPortrait UIInterfaceOrientationPortraitUpsideDown UIInterfaceOrientationLandscapeLeft UIInterfaceOrientationLandscapeRight";
				INFOPLIST_KEY_UISupportedInterfaceOrientations_iPhone = "UIInterfaceOrientationPortrait UIInterfaceOrientationLandscapeLeft UIInterfaceOrientationLandscapeRight";
				LD_RUNPATH_SEARCH_PATHS = (
					"$(inherited)",
					"@executable_path/Frameworks",
				);
				MARKETING_VERSION = 1.0;
				PRODUCT_BUNDLE_IDENTIFIER = "kz.HW-14-Kudaibergen-Temirlan";
				PRODUCT_NAME = "$(TARGET_NAME)";
				SWIFT_EMIT_LOC_STRINGS = YES;
				SWIFT_VERSION = 5.0;
				TARGETED_DEVICE_FAMILY = "1,2";
			};
			name = Debug;
		};
		C8930DAE29C1EE3200AB13C5 /* Release */ = {
			isa = XCBuildConfiguration;
			buildSettings = {
				ASSETCATALOG_COMPILER_APPICON_NAME = AppIcon;
				ASSETCATALOG_COMPILER_GLOBAL_ACCENT_COLOR_NAME = AccentColor;
				CODE_SIGN_STYLE = Automatic;
				CURRENT_PROJECT_VERSION = 1;
				DEVELOPMENT_TEAM = C2VWB77N8G;
				GENERATE_INFOPLIST_FILE = YES;
				INFOPLIST_FILE = "HW-14-Kudaibergen_Temirlan/Resource/Configuration/Info.plist";
				INFOPLIST_KEY_UIApplicationSupportsIndirectInputEvents = YES;
				INFOPLIST_KEY_UILaunchStoryboardName = LaunchScreen;
				INFOPLIST_KEY_UIMainStoryboardFile = "";
				INFOPLIST_KEY_UISupportedInterfaceOrientations_iPad = "UIInterfaceOrientationPortrait UIInterfaceOrientationPortraitUpsideDown UIInterfaceOrientationLandscapeLeft UIInterfaceOrientationLandscapeRight";
				INFOPLIST_KEY_UISupportedInterfaceOrientations_iPhone = "UIInterfaceOrientationPortrait UIInterfaceOrientationLandscapeLeft UIInterfaceOrientationLandscapeRight";
				LD_RUNPATH_SEARCH_PATHS = (
					"$(inherited)",
					"@executable_path/Frameworks",
				);
				MARKETING_VERSION = 1.0;
				PRODUCT_BUNDLE_IDENTIFIER = "kz.HW-14-Kudaibergen-Temirlan";
				PRODUCT_NAME = "$(TARGET_NAME)";
				SWIFT_EMIT_LOC_STRINGS = YES;
				SWIFT_VERSION = 5.0;
				TARGETED_DEVICE_FAMILY = "1,2";
			};
			name = Release;
		};
/* End XCBuildConfiguration section */

/* Begin XCConfigurationList section */
		C8930D9329C1EE3100AB13C5 /* Build configuration list for PBXProject "HW-14-Kudaibergen_Temirlan" */ = {
			isa = XCConfigurationList;
			buildConfigurations = (
				C8930DAA29C1EE3200AB13C5 /* Debug */,
				C8930DAB29C1EE3200AB13C5 /* Release */,
			);
			defaultConfigurationIsVisible = 0;
			defaultConfigurationName = Release;
		};
		C8930DAC29C1EE3200AB13C5 /* Build configuration list for PBXNativeTarget "HW-14-Kudaibergen_Temirlan" */ = {
			isa = XCConfigurationList;
			buildConfigurations = (
				C8930DAD29C1EE3200AB13C5 /* Debug */,
				C8930DAE29C1EE3200AB13C5 /* Release */,
			);
			defaultConfigurationIsVisible = 0;
			defaultConfigurationName = Release;
		};
/* End XCConfigurationList section */

/* Begin XCRemoteSwiftPackageReference section */
		C81A957929C1F6FC0090F552 /* XCRemoteSwiftPackageReference "SnapKit" */ = {
			isa = XCRemoteSwiftPackageReference;
			repositoryURL = "https://github.com/SnapKit/SnapKit.git";
			requirement = {
				branch = develop;
				kind = branch;
			};
		};
/* End XCRemoteSwiftPackageReference section */

/* Begin XCSwiftPackageProductDependency section */
		C81A957A29C1F6FC0090F552 /* SnapKit */ = {
			isa = XCSwiftPackageProductDependency;
			package = C81A957929C1F6FC0090F552 /* XCRemoteSwiftPackageReference "SnapKit" */;
			productName = SnapKit;
		};
/* End XCSwiftPackageProductDependency section */
	};
	rootObject = C8930D9029C1EE3100AB13C5 /* Project object */;
}
